
Microsoft Visual Studio Solution File, Format Version 12.00
# Visual Studio 15
VisualStudioVersion = 15.0.26124.0
MinimumVisualStudioVersion = 15.0.26124.0
Project("{FAE04EC0-301F-11D3-BF4B-00C04F79EFBC}") = "Todo.Domain", "Todo.Domain\Todo.Domain.csproj", "{94D878A0-AFFC-43DA-845F-2574DA0C872E}"
EndProject
Project("{FAE04EC0-301F-11D3-BF4B-00C04F79EFBC}") = "Todo.Infra", "Todo.Infra\Todo.Infra.csproj", "{6E6FCDA8-2868-4DFB-8F44-DE9C4B1E49DE}"
EndProject
Project("{FAE04EC0-301F-11D3-BF4B-00C04F79EFBC}") = "Todo.Shared", "Todo.Shared\Todo.Shared.csproj", "{1298E5C9-C721-484E-8B71-40A5F2433C5D}"
EndProject
Project("{FAE04EC0-301F-11D3-BF4B-00C04F79EFBC}") = "Todo.Tests", "Todo.Tests\Todo.Tests.csproj", "{E0E6E79A-942E-4294-BF61-7A872530EEA2}"
EndProject
Project("{FAE04EC0-301F-11D3-BF4B-00C04F79EFBC}") = "Todo.Api", "Todo.Api\Todo.Api.csproj", "{FB48BF62-3FB0-449C-B402-75700C4E5480}"
EndProject
Global
	GlobalSection(SolutionConfigurationPlatforms) = preSolution
		Debug|Any CPU = Debug|Any CPU
		Debug|x64 = Debug|x64
		Debug|x86 = Debug|x86
		Release|Any CPU = Release|Any CPU
		Release|x64 = Release|x64
		Release|x86 = Release|x86
	EndGlobalSection
	GlobalSection(SolutionProperties) = preSolution
		HideSolutionNode = FALSE
	EndGlobalSection
	GlobalSection(ProjectConfigurationPlatforms) = postSolution
		{94D878A0-AFFC-43DA-845F-2574DA0C872E}.Debug|Any CPU.ActiveCfg = Debug|Any CPU
		{94D878A0-AFFC-43DA-845F-2574DA0C872E}.Debug|Any CPU.Build.0 = Debug|Any CPU
		{94D878A0-AFFC-43DA-845F-2574DA0C872E}.Debug|x64.ActiveCfg = Debug|Any CPU
		{94D878A0-AFFC-43DA-845F-2574DA0C872E}.Debug|x64.Build.0 = Debug|Any CPU
		{94D878A0-AFFC-43DA-845F-2574DA0C872E}.Debug|x86.ActiveCfg = Debug|Any CPU
		{94D878A0-AFFC-43DA-845F-2574DA0C872E}.Debug|x86.Build.0 = Debug|Any CPU
		{94D878A0-AFFC-43DA-845F-2574DA0C872E}.Release|Any CPU.ActiveCfg = Release|Any CPU
		{94D878A0-AFFC-43DA-845F-2574DA0C872E}.Release|Any CPU.Build.0 = Release|Any CPU
		{94D878A0-AFFC-43DA-845F-2574DA0C872E}.Release|x64.ActiveCfg = Release|Any CPU
		{94D878A0-AFFC-43DA-845F-2574DA0C872E}.Release|x64.Build.0 = Release|Any CPU
		{94D878A0-AFFC-43DA-845F-2574DA0C872E}.Release|x86.ActiveCfg = Release|Any CPU
		{94D878A0-AFFC-43DA-845F-2574DA0C872E}.Release|x86.Build.0 = Release|Any CPU
		{6E6FCDA8-2868-4DFB-8F44-DE9C4B1E49DE}.Debug|Any CPU.ActiveCfg = Debug|Any CPU
		{6E6FCDA8-2868-4DFB-8F44-DE9C4B1E49DE}.Debug|Any CPU.Build.0 = Debug|Any CPU
		{6E6FCDA8-2868-4DFB-8F44-DE9C4B1E49DE}.Debug|x64.ActiveCfg = Debug|Any CPU
		{6E6FCDA8-2868-4DFB-8F44-DE9C4B1E49DE}.Debug|x64.Build.0 = Debug|Any CPU
		{6E6FCDA8-2868-4DFB-8F44-DE9C4B1E49DE}.Debug|x86.ActiveCfg = Debug|Any CPU
		{6E6FCDA8-2868-4DFB-8F44-DE9C4B1E49DE}.Debug|x86.Build.0 = Debug|Any CPU
		{6E6FCDA8-2868-4DFB-8F44-DE9C4B1E49DE}.Release|Any CPU.ActiveCfg = Release|Any CPU
		{6E6FCDA8-2868-4DFB-8F44-DE9C4B1E49DE}.Release|Any CPU.Build.0 = Release|Any CPU
		{6E6FCDA8-2868-4DFB-8F44-DE9C4B1E49DE}.Release|x64.ActiveCfg = Release|Any CPU
		{6E6FCDA8-2868-4DFB-8F44-DE9C4B1E49DE}.Release|x64.Build.0 = Release|Any CPU
		{6E6FCDA8-2868-4DFB-8F44-DE9C4B1E49DE}.Release|x86.ActiveCfg = Release|Any CPU
		{6E6FCDA8-2868-4DFB-8F44-DE9C4B1E49DE}.Release|x86.Build.0 = Release|Any CPU
		{1298E5C9-C721-484E-8B71-40A5F2433C5D}.Debug|Any CPU.ActiveCfg = Debug|Any CPU
		{1298E5C9-C721-484E-8B71-40A5F2433C5D}.Debug|Any CPU.Build.0 = Debug|Any CPU
		{1298E5C9-C721-484E-8B71-40A5F2433C5D}.Debug|x64.ActiveCfg = Debug|Any CPU
		{1298E5C9-C721-484E-8B71-40A5F2433C5D}.Debug|x64.Build.0 = Debug|Any CPU
		{1298E5C9-C721-484E-8B71-40A5F2433C5D}.Debug|x86.ActiveCfg = Debug|Any CPU
		{1298E5C9-C721-484E-8B71-40A5F2433C5D}.Debug|x86.Build.0 = Debug|Any CPU
		{1298E5C9-C721-484E-8B71-40A5F2433C5D}.Release|Any CPU.ActiveCfg = Release|Any CPU
		{1298E5C9-C721-484E-8B71-40A5F2433C5D}.Release|Any CPU.Build.0 = Release|Any CPU
		{1298E5C9-C721-484E-8B71-40A5F2433C5D}.Release|x64.ActiveCfg = Release|Any CPU
		{1298E5C9-C721-484E-8B71-40A5F2433C5D}.Release|x64.Build.0 = Release|Any CPU
		{1298E5C9-C721-484E-8B71-40A5F2433C5D}.Release|x86.ActiveCfg = Release|Any CPU
		{1298E5C9-C721-484E-8B71-40A5F2433C5D}.Release|x86.Build.0 = Release|Any CPU
		{E0E6E79A-942E-4294-BF61-7A872530EEA2}.Debug|Any CPU.ActiveCfg = Debug|Any CPU
		{E0E6E79A-942E-4294-BF61-7A872530EEA2}.Debug|Any CPU.Build.0 = Debug|Any CPU
		{E0E6E79A-942E-4294-BF61-7A872530EEA2}.Debug|x64.ActiveCfg = Debug|Any CPU
		{E0E6E79A-942E-4294-BF61-7A872530EEA2}.Debug|x64.Build.0 = Debug|Any CPU
		{E0E6E79A-942E-4294-BF61-7A872530EEA2}.Debug|x86.ActiveCfg = Debug|Any CPU
		{E0E6E79A-942E-4294-BF61-7A872530EEA2}.Debug|x86.Build.0 = Debug|Any CPU
		{E0E6E79A-942E-4294-BF61-7A872530EEA2}.Release|Any CPU.ActiveCfg = Release|Any CPU
		{E0E6E79A-942E-4294-BF61-7A872530EEA2}.Release|Any CPU.Build.0 = Release|Any CPU
		{E0E6E79A-942E-4294-BF61-7A872530EEA2}.Release|x64.ActiveCfg = Release|Any CPU
		{E0E6E79A-942E-4294-BF61-7A872530EEA2}.Release|x64.Build.0 = Release|Any CPU
		{E0E6E79A-942E-4294-BF61-7A872530EEA2}.Release|x86.ActiveCfg = Release|Any CPU
		{E0E6E79A-942E-4294-BF61-7A872530EEA2}.Release|x86.Build.0 = Release|Any CPU
		{FB48BF62-3FB0-449C-B402-75700C4E5480}.Debug|Any CPU.ActiveCfg = Debug|Any CPU
		{FB48BF62-3FB0-449C-B402-75700C4E5480}.Debug|Any CPU.Build.0 = Debug|Any CPU
		{FB48BF62-3FB0-449C-B402-75700C4E5480}.Debug|x64.ActiveCfg = Debug|Any CPU
		{FB48BF62-3FB0-449C-B402-75700C4E5480}.Debug|x64.Build.0 = Debug|Any CPU
		{FB48BF62-3FB0-449C-B402-75700C4E5480}.Debug|x86.ActiveCfg = Debug|Any CPU
		{FB48BF62-3FB0-449C-B402-75700C4E5480}.Debug|x86.Build.0 = Debug|Any CPU
		{FB48BF62-3FB0-449C-B402-75700C4E5480}.Release|Any CPU.ActiveCfg = Release|Any CPU
		{FB48BF62-3FB0-449C-B402-75700C4E5480}.Release|Any CPU.Build.0 = Release|Any CPU
		{FB48BF62-3FB0-449C-B402-75700C4E5480}.Release|x64.ActiveCfg = Release|Any CPU
		{FB48BF62-3FB0-449C-B402-75700C4E5480}.Release|x64.Build.0 = Release|Any CPU
		{FB48BF62-3FB0-449C-B402-75700C4E5480}.Release|x86.ActiveCfg = Release|Any CPU
		{FB48BF62-3FB0-449C-B402-75700C4E5480}.Release|x86.Build.0 = Release|Any CPU
	EndGlobalSection
EndGlobal
